
Microsoft Visual Studio Solution File, Format Version 12.00
# Visual Studio Version 17
VisualStudioVersion = 17.10.34928.147
MinimumVisualStudioVersion = 10.0.40219.1
Project("{8BC9CEB8-8B4A-11D0-8D11-00A0C91BC942}") = "OPP", "TestProject.vcxproj", "{90F85B19-28E8-4442-B0F7-AAA730288180}"
EndProject
Global
	GlobalSection(SolutionConfigurationPlatforms) = preSolution
		Debug|x64 = Debug|x64
		Debug|x86 = Debug|x86
		Release|x64 = Release|x64
		Release|x86 = Release|x86
	EndGlobalSection
	GlobalSection(ProjectConfigurationPlatforms) = postSolution
		{90F85B19-28E8-4442-B0F7-AAA730288180}.Debug|x64.ActiveCfg = Debug|x64
		{90F85B19-28E8-4442-B0F7-AAA730288180}.Debug|x64.Build.0 = Debug|x64
		{90F85B19-28E8-4442-B0F7-AAA730288180}.Debug|x86.ActiveCfg = Debug|Win32
		{90F85B19-28E8-4442-B0F7-AAA730288180}.Debug|x86.Build.0 = Debug|Win32
		{90F85B19-28E8-4442-B0F7-AAA730288180}.Release|x64.ActiveCfg = Release|x64
		{90F85B19-28E8-4442-B0F7-AAA730288180}.Release|x64.Build.0 = Release|x64
		{90F85B19-28E8-4442-B0F7-AAA730288180}.Release|x86.ActiveCfg = Release|Win32
		{90F85B19-28E8-4442-B0F7-AAA730288180}.Release|x86.Build.0 = Release|Win32
	EndGlobalSection
	GlobalSection(SolutionProperties) = preSolution
		HideSolutionNode = FALSE
	EndGlobalSection
	GlobalSection(ExtensibilityGlobals) = postSolution
		SolutionGuid = {E565C84D-CCFC-4AFC-BE60-FEC905882EB5}
	EndGlobalSection
EndGlobal
