
Microsoft Visual Studio Solution File, Format Version 12.00
# Visual Studio Version 17
VisualStudioVersion = 17.14.37216.2 d17.14
MinimumVisualStudioVersion = 10.0.40219.1
Project("{8BC9CEB8-8B4A-11D0-8D11-00A0C91BC942}") = "Course13-Algorithms&ProblemSolvingLevel5-Solutions", "Course13-Algorithms&ProblemSolvingLevel5-Solutions.vcxproj", "{222C2607-D071-4F1A-8BF9-58CDDFC43A6C}"
EndProject
Global
	GlobalSection(SolutionConfigurationPlatforms) = preSolution
		Debug|x64 = Debug|x64
		Debug|x86 = Debug|x86
		Release|x64 = Release|x64
		Release|x86 = Release|x86
	EndGlobalSection
	GlobalSection(ProjectConfigurationPlatforms) = postSolution
		{222C2607-D071-4F1A-8BF9-58CDDFC43A6C}.Debug|x64.ActiveCfg = Debug|x64
		{222C2607-D071-4F1A-8BF9-58CDDFC43A6C}.Debug|x64.Build.0 = Debug|x64
		{222C2607-D071-4F1A-8BF9-58CDDFC43A6C}.Debug|x86.ActiveCfg = Debug|Win32
		{222C2607-D071-4F1A-8BF9-58CDDFC43A6C}.Debug|x86.Build.0 = Debug|Win32
		{222C2607-D071-4F1A-8BF9-58CDDFC43A6C}.Release|x64.ActiveCfg = Release|x64
		{222C2607-D071-4F1A-8BF9-58CDDFC43A6C}.Release|x64.Build.0 = Release|x64
		{222C2607-D071-4F1A-8BF9-58CDDFC43A6C}.Release|x86.ActiveCfg = Release|Win32
		{222C2607-D071-4F1A-8BF9-58CDDFC43A6C}.Release|x86.Build.0 = Release|Win32
	EndGlobalSection
	GlobalSection(SolutionProperties) = preSolution
		HideSolutionNode = FALSE
	EndGlobalSection
	GlobalSection(ExtensibilityGlobals) = postSolution
		SolutionGuid = {F139CC1A-DE36-49B0-9C40-07C799D8FCB1}
	EndGlobalSection
EndGlobal
