<?xml version="1.0" encoding="utf-8"?>
<Project ToolsVersion="4.0" xmlns="http://schemas.microsoft.com/developer/msbuild/2003">
  <ItemGroup>
    <Filter Include="Source Files">
      <UniqueIdentifier>{4FC737F1-C7A5-4376-A066-2A32D752A2FF}</UniqueIdentifier>
      <Extensions>cpp;c;cc;cxx;c++;cppm;ixx;def;odl;idl;hpj;bat;asm;asmx</Extensions>
    </Filter>
    <Filter Include="Header Files">
      <UniqueIdentifier>{93995380-89BD-4b04-88EB-625FBE52EBFB}</UniqueIdentifier>
      <Extensions>h;hh;hpp;hxx;h++;hm;inl;inc;ipp;xsd</Extensions>
    </Filter>
    <Filter Include="Resource Files">
      <UniqueIdentifier>{67DA6AB6-F800-4c08-8B7A-83BB121AAD01}</UniqueIdentifier>
      <Extensions>rc;ico;cur;bmp;dlg;rc2;rct;bin;rgs;gif;jpg;jpeg;jpe;resx;tiff;tif;png;wav;mfcribbon-ms</Extensions>
    </Filter>
  </ItemGroup>
  <ItemGroup>
    <ClCompile Include="Course8_solutions.cpp">
      <Filter>Source Files</Filter>
    </ClCompile>
  </ItemGroup>
  <ItemGroup>
    <ClInclude Include="ReadNumberAndPrintItAsText.h">
      <Filter>Header Files</Filter>
    </ClInclude>
    <ClInclude Include="p10_YearDaysToCertainDay.h">
      <Filter>Header Files</Filter>
    </ClInclude>
    <ClInclude Include="p2_IsLeapYear.h">
      <Filter>Header Files</Filter>
    </ClInclude>
    <ClInclude Include="p3_IsLeapYearOptimized.h">
      <Filter>Header Files</Filter>
    </ClInclude>
    <ClInclude Include="p4_PrintNumberOfDaysInACertainYear.h">
      <Filter>Header Files</Filter>
    </ClInclude>
    <ClInclude Include="p5_NumberOfDaysHoursMinutesSecondsInACertainMonth.h">
      <Filter>Header Files</Filter>
    </ClInclude>
    <ClInclude Include="p7_ReadDateAndPrintDayName.h">
      <Filter>Header Files</Filter>
    </ClInclude>
    <ClInclude Include="p8_PrintMonthCalendar.h">
      <Filter>Header Files</Filter>
    </ClInclude>
    <ClInclude Include="p9_PrintYearCalendar.h">
      <Filter>Header Files</Filter>
    </ClInclude>
    <ClInclude Include="p11_NumberOfDaysToDate.h">
      <Filter>Header Files</Filter>
    </ClInclude>
    <ClInclude Include="p12_AddingDaysToDate.h">
      <Filter>Header Files</Filter>
    </ClInclude>
    <ClInclude Include="p13_DateIsLess.h">
      <Filter>Header Files</Filter>
    </ClInclude>
    <ClInclude Include="p14_DateIsEqual.h">
      <Filter>Header Files</Filter>
    </ClInclude>
    <ClInclude Include="p15_DateIsLastDayInMonthInYear.h">
      <Filter>Header Files</Filter>
    </ClInclude>
    <ClInclude Include="p16_IncreaseDateByOneDay.h">
      <Filter>Header Files</Filter>
    </ClInclude>
    <ClInclude Include="p17_DifferenceBetween2Dates.h">
      <Filter>Header Files</Filter>
    </ClInclude>
    <ClInclude Include="p18_YourAgeInDays.h">
      <Filter>Header Files</Filter>
    </ClInclude>
    <ClInclude Include="P19_DiffInDatesWithMinus.h">
      <Filter>Header Files</Filter>
    </ClInclude>
    <ClInclude Include="p20.h">
      <Filter>Header Files</Filter>
    </ClInclude>
    <ClInclude Include="p33-46.h">
      <Filter>Header Files</Filter>
    </ClInclude>
    <ClInclude Include="p47to53.h">
      <Filter>Header Files</Filter>
    </ClInclude>
    <ClInclude Include="Util.h">
      <Filter>Header Files</Filter>
    </ClInclude>
    <ClInclude Include="p54_VacationDays.h">
      <Filter>Header Files</Filter>
    </ClInclude>
    <ClInclude Include="p55_VacationReturnDate.h">
      <Filter>Header Files</Filter>
    </ClInclude>
    <ClInclude Include="p56_DateIsAfter.h">
      <Filter>Header Files</Filter>
    </ClInclude>
    <ClInclude Include="p57_CompareDates.h">
      <Filter>Header Files</Filter>
    </ClInclude>
    <ClInclude Include="p58_PeriodsOverlap.h">
      <Filter>Header Files</Filter>
    </ClInclude>
    <ClInclude Include="p61_PeriodsOverlapDaysCount.h">
      <Filter>Header Files</Filter>
    </ClInclude>
    <ClInclude Include="p63_StringtoDate.h">
      <Filter>Header Files</Filter>
    </ClInclude>
    <ClInclude Include="p65_FromatDate.h">
      <Filter>Header Files</Filter>
    </ClInclude>
  </ItemGroup>
</Project>